
Microsoft Visual Studio Solution File, Format Version 12.00
# Visual Studio Version 17
VisualStudioVersion = 17.14.36203.30 d17.14
MinimumVisualStudioVersion = 10.0.40219.1
Project("{8BC9CEB8-8B4A-11D0-8D11-00A0C91BC942}") = "3kun", "3kun.vcxproj", "{5BEBD017-10B0-444A-A3FA-082EFA144E39}"
EndProject
Global
	GlobalSection(SolutionConfigurationPlatforms) = preSolution
		Debug|x64 = Debug|x64
		Debug|x86 = Debug|x86
		Release|x64 = Release|x64
		Release|x86 = Release|x86
	EndGlobalSection
	GlobalSection(ProjectConfigurationPlatforms) = postSolution
		{5BEBD017-10B0-444A-A3FA-082EFA144E39}.Debug|x64.ActiveCfg = Debug|x64
		{5BEBD017-10B0-444A-A3FA-082EFA144E39}.Debug|x64.Build.0 = Debug|x64
		{5BEBD017-10B0-444A-A3FA-082EFA144E39}.Debug|x86.ActiveCfg = Debug|Win32
		{5BEBD017-10B0-444A-A3FA-082EFA144E39}.Debug|x86.Build.0 = Debug|Win32
		{5BEBD017-10B0-444A-A3FA-082EFA144E39}.Release|x64.ActiveCfg = Release|x64
		{5BEBD017-10B0-444A-A3FA-082EFA144E39}.Release|x64.Build.0 = Release|x64
		{5BEBD017-10B0-444A-A3FA-082EFA144E39}.Release|x86.ActiveCfg = Release|Win32
		{5BEBD017-10B0-444A-A3FA-082EFA144E39}.Release|x86.Build.0 = Release|Win32
	EndGlobalSection
	GlobalSection(SolutionProperties) = preSolution
		HideSolutionNode = FALSE
	EndGlobalSection
	GlobalSection(ExtensibilityGlobals) = postSolution
		SolutionGuid = {99FBE249-7B5C-47F6-AEF6-521E5D7C7B0E}
	EndGlobalSection
EndGlobal
